
Microsoft Visual Studio Solution File, Format Version 11.00
# Visual Studio 2010
Project("{FAE04EC0-301F-11D3-BF4B-00C04F79EFBC}") = "SurfaceTwitterSearch", "SurfaceTwitterSearch\SurfaceTwitterSearch.csproj", "{4ACCABFA-55E1-49C1-9590-B8B8B4C0B45B}"
EndProject
Global
	GlobalSection(SolutionConfigurationPlatforms) = preSolution
		Debug|Any CPU = Debug|Any CPU
		Release|Any CPU = Release|Any CPU
	EndGlobalSection
	GlobalSection(ProjectConfigurationPlatforms) = postSolution
		{4ACCABFA-55E1-49C1-9590-B8B8B4C0B45B}.Debug|Any CPU.ActiveCfg = Debug|Any CPU
		{4ACCABFA-55E1-49C1-9590-B8B8B4C0B45B}.Debug|Any CPU.Build.0 = Debug|Any CPU
		{4ACCABFA-55E1-49C1-9590-B8B8B4C0B45B}.Release|Any CPU.ActiveCfg = Release|Any CPU
		{4ACCABFA-55E1-49C1-9590-B8B8B4C0B45B}.Release|Any CPU.Build.0 = Release|Any CPU
	EndGlobalSection
	GlobalSection(SolutionProperties) = preSolution
		HideSolutionNode = FALSE
	EndGlobalSection
EndGlobal
